
Microsoft Visual Studio Solution File, Format Version 12.00
# Visual Studio Version 17
VisualStudioVersion = 17.4.33213.308
MinimumVisualStudioVersion = 10.0.40219.1
Project("{FAE04EC0-301F-11D3-BF4B-00C04F79EFBC}") = "jurnalmod7_1302210082", "jurnalmod7_1302210082.csproj", "{DECE8FA4-0620-4E01-962C-933720CA8874}"
EndProject
Global
	GlobalSection(SolutionConfigurationPlatforms) = preSolution
		Debug|Any CPU = Debug|Any CPU
		Release|Any CPU = Release|Any CPU
	EndGlobalSection
	GlobalSection(ProjectConfigurationPlatforms) = postSolution
		{DECE8FA4-0620-4E01-962C-933720CA8874}.Debug|Any CPU.ActiveCfg = Debug|Any CPU
		{DECE8FA4-0620-4E01-962C-933720CA8874}.Debug|Any CPU.Build.0 = Debug|Any CPU
		{DECE8FA4-0620-4E01-962C-933720CA8874}.Release|Any CPU.ActiveCfg = Release|Any CPU
		{DECE8FA4-0620-4E01-962C-933720CA8874}.Release|Any CPU.Build.0 = Release|Any CPU
	EndGlobalSection
	GlobalSection(SolutionProperties) = preSolution
		HideSolutionNode = FALSE
	EndGlobalSection
	GlobalSection(ExtensibilityGlobals) = postSolution
		SolutionGuid = {A3CC94D4-85DB-4987-A2C7-3371DC7E4A11}
	EndGlobalSection
EndGlobal
